
Microsoft Visual Studio Solution File, Format Version 12.00
# Visual Studio Version 17
VisualStudioVersion = 17.14.36804.6 d17.14
MinimumVisualStudioVersion = 10.0.40219.1
Project("{FAE04EC0-301F-11D3-BF4B-00C04F79EFBC}") = "Feedback", "Feedback\Feedback.csproj", "{2F088E09-0989-4620-86CD-2346BFE3DB1C}"
EndProject
Global
	GlobalSection(SolutionConfigurationPlatforms) = preSolution
		Debug|Any CPU = Debug|Any CPU
		Release|Any CPU = Release|Any CPU
	EndGlobalSection
	GlobalSection(ProjectConfigurationPlatforms) = postSolution
		{2F088E09-0989-4620-86CD-2346BFE3DB1C}.Debug|Any CPU.ActiveCfg = Debug|Any CPU
		{2F088E09-0989-4620-86CD-2346BFE3DB1C}.Debug|Any CPU.Build.0 = Debug|Any CPU
		{2F088E09-0989-4620-86CD-2346BFE3DB1C}.Release|Any CPU.ActiveCfg = Release|Any CPU
		{2F088E09-0989-4620-86CD-2346BFE3DB1C}.Release|Any CPU.Build.0 = Release|Any CPU
	EndGlobalSection
	GlobalSection(SolutionProperties) = preSolution
		HideSolutionNode = FALSE
	EndGlobalSection
	GlobalSection(ExtensibilityGlobals) = postSolution
		SolutionGuid = {3656A848-55A0-435E-9EB5-9D4704F0586B}
	EndGlobalSection
EndGlobal
